
Microsoft Visual Studio Solution File, Format Version 12.00
# Visual Studio Version 17
VisualStudioVersion = 17.9.34728.123
MinimumVisualStudioVersion = 10.0.40219.1
Project("{FAE04EC0-301F-11D3-BF4B-00C04F79EFBC}") = "SuperSocketPractice", "SuperSocketPractice\SuperSocketPractice.csproj", "{C17A170C-A117-4265-9C28-61BDF8110B10}"
EndProject
Global
	GlobalSection(SolutionConfigurationPlatforms) = preSolution
		Debug|Any CPU = Debug|Any CPU
		Release|Any CPU = Release|Any CPU
	EndGlobalSection
	GlobalSection(ProjectConfigurationPlatforms) = postSolution
		{C17A170C-A117-4265-9C28-61BDF8110B10}.Debug|Any CPU.ActiveCfg = Debug|Any CPU
		{C17A170C-A117-4265-9C28-61BDF8110B10}.Debug|Any CPU.Build.0 = Debug|Any CPU
		{C17A170C-A117-4265-9C28-61BDF8110B10}.Release|Any CPU.ActiveCfg = Release|Any CPU
		{C17A170C-A117-4265-9C28-61BDF8110B10}.Release|Any CPU.Build.0 = Release|Any CPU
	EndGlobalSection
	GlobalSection(SolutionProperties) = preSolution
		HideSolutionNode = FALSE
	EndGlobalSection
	GlobalSection(ExtensibilityGlobals) = postSolution
		SolutionGuid = {6A2F46F4-6A6F-40C8-AC0C-B14527D556BE}
	EndGlobalSection
EndGlobal
